
Microsoft Visual Studio Solution File, Format Version 12.00
# Visual Studio Version 17
VisualStudioVersion = 17.6.33815.320
MinimumVisualStudioVersion = 10.0.40219.1
Project("{FAE04EC0-301F-11D3-BF4B-00C04F79EFBC}") = "ToDoListApp", "ToDoListApp\ToDoListApp.csproj", "{19E13DB2-B085-4F10-9EE3-683A01927749}"
EndProject
Global
	GlobalSection(SolutionConfigurationPlatforms) = preSolution
		Debug|Any CPU = Debug|Any CPU
		Release|Any CPU = Release|Any CPU
	EndGlobalSection
	GlobalSection(ProjectConfigurationPlatforms) = postSolution
		{19E13DB2-B085-4F10-9EE3-683A01927749}.Debug|Any CPU.ActiveCfg = Debug|Any CPU
		{19E13DB2-B085-4F10-9EE3-683A01927749}.Debug|Any CPU.Build.0 = Debug|Any CPU
		{19E13DB2-B085-4F10-9EE3-683A01927749}.Release|Any CPU.ActiveCfg = Release|Any CPU
		{19E13DB2-B085-4F10-9EE3-683A01927749}.Release|Any CPU.Build.0 = Release|Any CPU
	EndGlobalSection
	GlobalSection(SolutionProperties) = preSolution
		HideSolutionNode = FALSE
	EndGlobalSection
	GlobalSection(ExtensibilityGlobals) = postSolution
		SolutionGuid = {0E04317C-46CE-4237-8712-A638D015B779}
	EndGlobalSection
EndGlobal
